
Microsoft Visual Studio Solution File, Format Version 12.00
# Visual Studio Version 17
VisualStudioVersion = 17.14.36408.4 d17.14
MinimumVisualStudioVersion = 10.0.40219.1
Project("{FAE04EC0-301F-11D3-BF4B-00C04F79EFBC}") = "employeemanagement", "employeemanagement\employeemanagement.csproj", "{F3B38798-B167-4C26-9205-4200253DE130}"
EndProject
Global
	GlobalSection(SolutionConfigurationPlatforms) = preSolution
		Debug|Any CPU = Debug|Any CPU
		Release|Any CPU = Release|Any CPU
	EndGlobalSection
	GlobalSection(ProjectConfigurationPlatforms) = postSolution
		{F3B38798-B167-4C26-9205-4200253DE130}.Debug|Any CPU.ActiveCfg = Debug|Any CPU
		{F3B38798-B167-4C26-9205-4200253DE130}.Debug|Any CPU.Build.0 = Debug|Any CPU
		{F3B38798-B167-4C26-9205-4200253DE130}.Release|Any CPU.ActiveCfg = Release|Any CPU
		{F3B38798-B167-4C26-9205-4200253DE130}.Release|Any CPU.Build.0 = Release|Any CPU
	EndGlobalSection
	GlobalSection(SolutionProperties) = preSolution
		HideSolutionNode = FALSE
	EndGlobalSection
	GlobalSection(ExtensibilityGlobals) = postSolution
		SolutionGuid = {A33CA2D4-04B7-4504-B3D5-2816848E8B96}
	EndGlobalSection
EndGlobal
